
Microsoft Visual Studio Solution File, Format Version 12.00
# Visual Studio Version 17
VisualStudioVersion = 17.0.31903.59
MinimumVisualStudioVersion = 10.0.40219.1
Project("{2150E333-8FDC-42A3-9474-1A3956D46DE8}") = "src", "src", "{827E0CD3-B72D-47B6-A68D-7590B98EB39B}"
EndProject
Project("{2150E333-8FDC-42A3-9474-1A3956D46DE8}") = "abstractions", "abstractions", "{A6E7295D-475B-8BD4-CC01-ECAE8C18C7D4}"
EndProject
Project("{2150E333-8FDC-42A3-9474-1A3956D46DE8}") = "src", "src", "{749034F2-12AE-C2B0-A963-0B26A32D48CB}"
EndProject
Project("{FAE04EC0-301F-11D3-BF4B-00C04F79EFBC}") = "Messaging.Abstractions", "src\abstractions\src\Messaging.Abstractions\Messaging.Abstractions.csproj", "{5A828C4A-9F37-44AC-AAFC-50C30A68A7F1}"
EndProject
Project("{2150E333-8FDC-42A3-9474-1A3956D46DE8}") = "tests", "tests", "{15AA3209-9112-C4D9-B9F2-3D5A9C6AF55A}"
EndProject
Project("{FAE04EC0-301F-11D3-BF4B-00C04F79EFBC}") = "Messaging.Abstractions.Tests", "src\abstractions\tests\Messaging.Abstractions.Tests\Messaging.Abstractions.Tests.csproj", "{14B45EBB-4BB6-4C60-895B-179134D09163}"
EndProject
Project("{2150E333-8FDC-42A3-9474-1A3956D46DE8}") = "hosting-aspnetcore", "hosting-aspnetcore", "{5D084BF0-3B40-050D-52CD-610B5BAD7282}"
EndProject
Project("{2150E333-8FDC-42A3-9474-1A3956D46DE8}") = "src", "src", "{7675F84C-83A2-DED2-10D7-92AF5701B2D5}"
EndProject
Project("{FAE04EC0-301F-11D3-BF4B-00C04F79EFBC}") = "Messaging.Hosting.AspNetCore", "src\hosting-aspnetcore\src\Messaging.Hosting.AspNetCore\Messaging.Hosting.AspNetCore.csproj", "{A4315594-BFE6-4A36-B552-4219E0FCFA1C}"
EndProject
Project("{2150E333-8FDC-42A3-9474-1A3956D46DE8}") = "tests", "tests", "{80CCC724-18C9-4914-58F3-704A5B154276}"
EndProject
Project("{FAE04EC0-301F-11D3-BF4B-00C04F79EFBC}") = "Messaging.Hosting.AspNetCore.Tests", "src\hosting-aspnetcore\tests\Messaging.Hosting.AspNetCore.Tests\Messaging.Hosting.AspNetCore.Tests.csproj", "{AF52E905-CBDA-49F0-9003-8DF14EB60AA1}"
EndProject
Project("{2150E333-8FDC-42A3-9474-1A3956D46DE8}") = "providers", "providers", "{4158EF5F-2C93-D6F3-98CF-1EDBE6F18EA0}"
EndProject
Project("{2150E333-8FDC-42A3-9474-1A3956D46DE8}") = "max", "max", "{532FBB8A-161D-C019-B0CF-1C9FB545AD49}"
EndProject
Project("{2150E333-8FDC-42A3-9474-1A3956D46DE8}") = "src", "src", "{2D90AA83-61FB-192A-5621-86700C8B8C0D}"
EndProject
Project("{FAE04EC0-301F-11D3-BF4B-00C04F79EFBC}") = "Messaging.Max", "src\providers\max\src\Messaging.Max\Messaging.Max.csproj", "{0667B807-53FF-4216-8C97-F49715AC06C1}"
EndProject
Project("{2150E333-8FDC-42A3-9474-1A3956D46DE8}") = "tests", "tests", "{0A937B59-3BF2-12E6-49E0-E38B37BEE96B}"
EndProject
Project("{FAE04EC0-301F-11D3-BF4B-00C04F79EFBC}") = "Messaging.Max.Tests", "src\providers\max\tests\Messaging.Max.Tests\Messaging.Max.Tests.csproj", "{68980958-5730-45BB-932C-B61720DB6C8A}"
EndProject
Project("{2150E333-8FDC-42A3-9474-1A3956D46DE8}") = "telegram", "telegram", "{465CF5E2-8246-C54E-347C-CD52D35F7047}"
EndProject
Project("{2150E333-8FDC-42A3-9474-1A3956D46DE8}") = "src", "src", "{DF25073F-2626-2A03-74C2-9A1190E1B8C7}"
EndProject
Project("{FAE04EC0-301F-11D3-BF4B-00C04F79EFBC}") = "Messaging.Telegram", "src\providers\telegram\src\Messaging.Telegram\Messaging.Telegram.csproj", "{9B13254D-B07F-4975-8B4A-22CFA6390ACD}"
EndProject
Project("{2150E333-8FDC-42A3-9474-1A3956D46DE8}") = "tests", "tests", "{0FFDBEC2-2088-A3F4-BFD7-39F018886CB8}"
EndProject
Project("{FAE04EC0-301F-11D3-BF4B-00C04F79EFBC}") = "Messaging.Telegram.Tests", "src\providers\telegram\tests\Messaging.Telegram.Tests\Messaging.Telegram.Tests.csproj", "{C1DDB579-0F92-43E1-BD8E-FEE63BAC3EF7}"
EndProject
Project("{2150E333-8FDC-42A3-9474-1A3956D46DE8}") = "packages", "packages", "{809F86A1-1C4C-B159-0CD4-DF9D33D876CE}"
EndProject
Project("{2150E333-8FDC-42A3-9474-1A3956D46DE8}") = "telegram-miniapp-auth", "telegram-miniapp-auth", "{4FE98BFE-3815-7E22-AFEA-1FC695611F43}"
EndProject
Project("{2150E333-8FDC-42A3-9474-1A3956D46DE8}") = "src", "src", "{3864CADB-ED71-4B66-196B-4B86028A66BA}"
EndProject
Project("{FAE04EC0-301F-11D3-BF4B-00C04F79EFBC}") = "Telegram.MiniAppAuth", "packages\telegram-miniapp-auth\src\Telegram.MiniAppAuth\Telegram.MiniAppAuth.csproj", "{D5DB87A5-2005-4525-A5D0-9188129D04D5}"
EndProject
Project("{2150E333-8FDC-42A3-9474-1A3956D46DE8}") = "tests", "tests", "{44725E1E-A5AF-9ECD-5E38-18AF7B4E6534}"
EndProject
Project("{FAE04EC0-301F-11D3-BF4B-00C04F79EFBC}") = "Telegram.MiniAppAuth.Tests", "packages\telegram-miniapp-auth\tests\Telegram.MiniAppAuth.Tests\Telegram.MiniAppAuth.Tests.csproj", "{92602D86-CF74-45BF-AE6D-F372F27881EA}"
EndProject
Project("{2150E333-8FDC-42A3-9474-1A3956D46DE8}") = "samples", "samples", "{5D20AA90-6969-D8BD-9DCD-8634F4692FDA}"
EndProject
Project("{2150E333-8FDC-42A3-9474-1A3956D46DE8}") = "Demo.Webhooks", "Demo.Webhooks", "{1DF53C73-5EBE-5A1B-68DF-54984D8D9141}"
EndProject
Project("{FAE04EC0-301F-11D3-BF4B-00C04F79EFBC}") = "Demo.Webhooks", "samples\Demo.Webhooks\Demo.Webhooks\Demo.Webhooks.csproj", "{E89E5E28-2E49-43CA-99BD-1EBAB1465E97}"
EndProject
Project("{2150E333-8FDC-42A3-9474-1A3956D46DE8}") = "tests", "tests", "{0AB3BF05-4346-4AA6-1389-037BE0695223}"
EndProject
Project("{FAE04EC0-301F-11D3-BF4B-00C04F79EFBC}") = "IntegrationTests", "tests\IntegrationTests\IntegrationTests.csproj", "{ADFAE8BF-9BE8-4884-9693-BA5598DEB88C}"
EndProject
Global
	GlobalSection(SolutionConfigurationPlatforms) = preSolution
		Debug|Any CPU = Debug|Any CPU
		Debug|x64 = Debug|x64
		Debug|x86 = Debug|x86
		Release|Any CPU = Release|Any CPU
		Release|x64 = Release|x64
		Release|x86 = Release|x86
	EndGlobalSection
	GlobalSection(ProjectConfigurationPlatforms) = postSolution
		{5A828C4A-9F37-44AC-AAFC-50C30A68A7F1}.Debug|Any CPU.ActiveCfg = Debug|Any CPU
		{5A828C4A-9F37-44AC-AAFC-50C30A68A7F1}.Debug|Any CPU.Build.0 = Debug|Any CPU
		{5A828C4A-9F37-44AC-AAFC-50C30A68A7F1}.Debug|x64.ActiveCfg = Debug|Any CPU
		{5A828C4A-9F37-44AC-AAFC-50C30A68A7F1}.Debug|x64.Build.0 = Debug|Any CPU
		{5A828C4A-9F37-44AC-AAFC-50C30A68A7F1}.Debug|x86.ActiveCfg = Debug|Any CPU
		{5A828C4A-9F37-44AC-AAFC-50C30A68A7F1}.Debug|x86.Build.0 = Debug|Any CPU
		{5A828C4A-9F37-44AC-AAFC-50C30A68A7F1}.Release|Any CPU.ActiveCfg = Release|Any CPU
		{5A828C4A-9F37-44AC-AAFC-50C30A68A7F1}.Release|Any CPU.Build.0 = Release|Any CPU
		{5A828C4A-9F37-44AC-AAFC-50C30A68A7F1}.Release|x64.ActiveCfg = Release|Any CPU
		{5A828C4A-9F37-44AC-AAFC-50C30A68A7F1}.Release|x64.Build.0 = Release|Any CPU
		{5A828C4A-9F37-44AC-AAFC-50C30A68A7F1}.Release|x86.ActiveCfg = Release|Any CPU
		{5A828C4A-9F37-44AC-AAFC-50C30A68A7F1}.Release|x86.Build.0 = Release|Any CPU
		{14B45EBB-4BB6-4C60-895B-179134D09163}.Debug|Any CPU.ActiveCfg = Debug|Any CPU
		{14B45EBB-4BB6-4C60-895B-179134D09163}.Debug|Any CPU.Build.0 = Debug|Any CPU
		{14B45EBB-4BB6-4C60-895B-179134D09163}.Debug|x64.ActiveCfg = Debug|Any CPU
		{14B45EBB-4BB6-4C60-895B-179134D09163}.Debug|x64.Build.0 = Debug|Any CPU
		{14B45EBB-4BB6-4C60-895B-179134D09163}.Debug|x86.ActiveCfg = Debug|Any CPU
		{14B45EBB-4BB6-4C60-895B-179134D09163}.Debug|x86.Build.0 = Debug|Any CPU
		{14B45EBB-4BB6-4C60-895B-179134D09163}.Release|Any CPU.ActiveCfg = Release|Any CPU
		{14B45EBB-4BB6-4C60-895B-179134D09163}.Release|Any CPU.Build.0 = Release|Any CPU
		{14B45EBB-4BB6-4C60-895B-179134D09163}.Release|x64.ActiveCfg = Release|Any CPU
		{14B45EBB-4BB6-4C60-895B-179134D09163}.Release|x64.Build.0 = Release|Any CPU
		{14B45EBB-4BB6-4C60-895B-179134D09163}.Release|x86.ActiveCfg = Release|Any CPU
		{14B45EBB-4BB6-4C60-895B-179134D09163}.Release|x86.Build.0 = Release|Any CPU
		{A4315594-BFE6-4A36-B552-4219E0FCFA1C}.Debug|Any CPU.ActiveCfg = Debug|Any CPU
		{A4315594-BFE6-4A36-B552-4219E0FCFA1C}.Debug|Any CPU.Build.0 = Debug|Any CPU
		{A4315594-BFE6-4A36-B552-4219E0FCFA1C}.Debug|x64.ActiveCfg = Debug|Any CPU
		{A4315594-BFE6-4A36-B552-4219E0FCFA1C}.Debug|x64.Build.0 = Debug|Any CPU
		{A4315594-BFE6-4A36-B552-4219E0FCFA1C}.Debug|x86.ActiveCfg = Debug|Any CPU
		{A4315594-BFE6-4A36-B552-4219E0FCFA1C}.Debug|x86.Build.0 = Debug|Any CPU
		{A4315594-BFE6-4A36-B552-4219E0FCFA1C}.Release|Any CPU.ActiveCfg = Release|Any CPU
		{A4315594-BFE6-4A36-B552-4219E0FCFA1C}.Release|Any CPU.Build.0 = Release|Any CPU
		{A4315594-BFE6-4A36-B552-4219E0FCFA1C}.Release|x64.ActiveCfg = Release|Any CPU
		{A4315594-BFE6-4A36-B552-4219E0FCFA1C}.Release|x64.Build.0 = Release|Any CPU
		{A4315594-BFE6-4A36-B552-4219E0FCFA1C}.Release|x86.ActiveCfg = Release|Any CPU
		{A4315594-BFE6-4A36-B552-4219E0FCFA1C}.Release|x86.Build.0 = Release|Any CPU
		{AF52E905-CBDA-49F0-9003-8DF14EB60AA1}.Debug|Any CPU.ActiveCfg = Debug|Any CPU
		{AF52E905-CBDA-49F0-9003-8DF14EB60AA1}.Debug|Any CPU.Build.0 = Debug|Any CPU
		{AF52E905-CBDA-49F0-9003-8DF14EB60AA1}.Debug|x64.ActiveCfg = Debug|Any CPU
		{AF52E905-CBDA-49F0-9003-8DF14EB60AA1}.Debug|x64.Build.0 = Debug|Any CPU
		{AF52E905-CBDA-49F0-9003-8DF14EB60AA1}.Debug|x86.ActiveCfg = Debug|Any CPU
		{AF52E905-CBDA-49F0-9003-8DF14EB60AA1}.Debug|x86.Build.0 = Debug|Any CPU
		{AF52E905-CBDA-49F0-9003-8DF14EB60AA1}.Release|Any CPU.ActiveCfg = Release|Any CPU
		{AF52E905-CBDA-49F0-9003-8DF14EB60AA1}.Release|Any CPU.Build.0 = Release|Any CPU
		{AF52E905-CBDA-49F0-9003-8DF14EB60AA1}.Release|x64.ActiveCfg = Release|Any CPU
		{AF52E905-CBDA-49F0-9003-8DF14EB60AA1}.Release|x64.Build.0 = Release|Any CPU
		{AF52E905-CBDA-49F0-9003-8DF14EB60AA1}.Release|x86.ActiveCfg = Release|Any CPU
		{AF52E905-CBDA-49F0-9003-8DF14EB60AA1}.Release|x86.Build.0 = Release|Any CPU
		{0667B807-53FF-4216-8C97-F49715AC06C1}.Debug|Any CPU.ActiveCfg = Debug|Any CPU
		{0667B807-53FF-4216-8C97-F49715AC06C1}.Debug|Any CPU.Build.0 = Debug|Any CPU
		{0667B807-53FF-4216-8C97-F49715AC06C1}.Debug|x64.ActiveCfg = Debug|Any CPU
		{0667B807-53FF-4216-8C97-F49715AC06C1}.Debug|x64.Build.0 = Debug|Any CPU
		{0667B807-53FF-4216-8C97-F49715AC06C1}.Debug|x86.ActiveCfg = Debug|Any CPU
		{0667B807-53FF-4216-8C97-F49715AC06C1}.Debug|x86.Build.0 = Debug|Any CPU
		{0667B807-53FF-4216-8C97-F49715AC06C1}.Release|Any CPU.ActiveCfg = Release|Any CPU
		{0667B807-53FF-4216-8C97-F49715AC06C1}.Release|Any CPU.Build.0 = Release|Any CPU
		{0667B807-53FF-4216-8C97-F49715AC06C1}.Release|x64.ActiveCfg = Release|Any CPU
		{0667B807-53FF-4216-8C97-F49715AC06C1}.Release|x64.Build.0 = Release|Any CPU
		{0667B807-53FF-4216-8C97-F49715AC06C1}.Release|x86.ActiveCfg = Release|Any CPU
		{0667B807-53FF-4216-8C97-F49715AC06C1}.Release|x86.Build.0 = Release|Any CPU
		{68980958-5730-45BB-932C-B61720DB6C8A}.Debug|Any CPU.ActiveCfg = Debug|Any CPU
		{68980958-5730-45BB-932C-B61720DB6C8A}.Debug|Any CPU.Build.0 = Debug|Any CPU
		{68980958-5730-45BB-932C-B61720DB6C8A}.Debug|x64.ActiveCfg = Debug|Any CPU
		{68980958-5730-45BB-932C-B61720DB6C8A}.Debug|x64.Build.0 = Debug|Any CPU
		{68980958-5730-45BB-932C-B61720DB6C8A}.Debug|x86.ActiveCfg = Debug|Any CPU
		{68980958-5730-45BB-932C-B61720DB6C8A}.Debug|x86.Build.0 = Debug|Any CPU
		{68980958-5730-45BB-932C-B61720DB6C8A}.Release|Any CPU.ActiveCfg = Release|Any CPU
		{68980958-5730-45BB-932C-B61720DB6C8A}.Release|Any CPU.Build.0 = Release|Any CPU
		{68980958-5730-45BB-932C-B61720DB6C8A}.Release|x64.ActiveCfg = Release|Any CPU
		{68980958-5730-45BB-932C-B61720DB6C8A}.Release|x64.Build.0 = Release|Any CPU
		{68980958-5730-45BB-932C-B61720DB6C8A}.Release|x86.ActiveCfg = Release|Any CPU
		{68980958-5730-45BB-932C-B61720DB6C8A}.Release|x86.Build.0 = Release|Any CPU
		{9B13254D-B07F-4975-8B4A-22CFA6390ACD}.Debug|Any CPU.ActiveCfg = Debug|Any CPU
		{9B13254D-B07F-4975-8B4A-22CFA6390ACD}.Debug|Any CPU.Build.0 = Debug|Any CPU
		{9B13254D-B07F-4975-8B4A-22CFA6390ACD}.Debug|x64.ActiveCfg = Debug|Any CPU
		{9B13254D-B07F-4975-8B4A-22CFA6390ACD}.Debug|x64.Build.0 = Debug|Any CPU
		{9B13254D-B07F-4975-8B4A-22CFA6390ACD}.Debug|x86.ActiveCfg = Debug|Any CPU
		{9B13254D-B07F-4975-8B4A-22CFA6390ACD}.Debug|x86.Build.0 = Debug|Any CPU
		{9B13254D-B07F-4975-8B4A-22CFA6390ACD}.Release|Any CPU.ActiveCfg = Release|Any CPU
		{9B13254D-B07F-4975-8B4A-22CFA6390ACD}.Release|Any CPU.Build.0 = Release|Any CPU
		{9B13254D-B07F-4975-8B4A-22CFA6390ACD}.Release|x64.ActiveCfg = Release|Any CPU
		{9B13254D-B07F-4975-8B4A-22CFA6390ACD}.Release|x64.Build.0 = Release|Any CPU
		{9B13254D-B07F-4975-8B4A-22CFA6390ACD}.Release|x86.ActiveCfg = Release|Any CPU
		{9B13254D-B07F-4975-8B4A-22CFA6390ACD}.Release|x86.Build.0 = Release|Any CPU
		{C1DDB579-0F92-43E1-BD8E-FEE63BAC3EF7}.Debug|Any CPU.ActiveCfg = Debug|Any CPU
		{C1DDB579-0F92-43E1-BD8E-FEE63BAC3EF7}.Debug|Any CPU.Build.0 = Debug|Any CPU
		{C1DDB579-0F92-43E1-BD8E-FEE63BAC3EF7}.Debug|x64.ActiveCfg = Debug|Any CPU
		{C1DDB579-0F92-43E1-BD8E-FEE63BAC3EF7}.Debug|x64.Build.0 = Debug|Any CPU
		{C1DDB579-0F92-43E1-BD8E-FEE63BAC3EF7}.Debug|x86.ActiveCfg = Debug|Any CPU
		{C1DDB579-0F92-43E1-BD8E-FEE63BAC3EF7}.Debug|x86.Build.0 = Debug|Any CPU
		{C1DDB579-0F92-43E1-BD8E-FEE63BAC3EF7}.Release|Any CPU.ActiveCfg = Release|Any CPU
		{C1DDB579-0F92-43E1-BD8E-FEE63BAC3EF7}.Release|Any CPU.Build.0 = Release|Any CPU
		{C1DDB579-0F92-43E1-BD8E-FEE63BAC3EF7}.Release|x64.ActiveCfg = Release|Any CPU
		{C1DDB579-0F92-43E1-BD8E-FEE63BAC3EF7}.Release|x64.Build.0 = Release|Any CPU
		{C1DDB579-0F92-43E1-BD8E-FEE63BAC3EF7}.Release|x86.ActiveCfg = Release|Any CPU
		{C1DDB579-0F92-43E1-BD8E-FEE63BAC3EF7}.Release|x86.Build.0 = Release|Any CPU
		{D5DB87A5-2005-4525-A5D0-9188129D04D5}.Debug|Any CPU.ActiveCfg = Debug|Any CPU
		{D5DB87A5-2005-4525-A5D0-9188129D04D5}.Debug|Any CPU.Build.0 = Debug|Any CPU
		{D5DB87A5-2005-4525-A5D0-9188129D04D5}.Debug|x64.ActiveCfg = Debug|Any CPU
		{D5DB87A5-2005-4525-A5D0-9188129D04D5}.Debug|x64.Build.0 = Debug|Any CPU
		{D5DB87A5-2005-4525-A5D0-9188129D04D5}.Debug|x86.ActiveCfg = Debug|Any CPU
		{D5DB87A5-2005-4525-A5D0-9188129D04D5}.Debug|x86.Build.0 = Debug|Any CPU
		{D5DB87A5-2005-4525-A5D0-9188129D04D5}.Release|Any CPU.ActiveCfg = Release|Any CPU
		{D5DB87A5-2005-4525-A5D0-9188129D04D5}.Release|Any CPU.Build.0 = Release|Any CPU
		{D5DB87A5-2005-4525-A5D0-9188129D04D5}.Release|x64.ActiveCfg = Release|Any CPU
		{D5DB87A5-2005-4525-A5D0-9188129D04D5}.Release|x64.Build.0 = Release|Any CPU
		{D5DB87A5-2005-4525-A5D0-9188129D04D5}.Release|x86.ActiveCfg = Release|Any CPU
		{D5DB87A5-2005-4525-A5D0-9188129D04D5}.Release|x86.Build.0 = Release|Any CPU
		{92602D86-CF74-45BF-AE6D-F372F27881EA}.Debug|Any CPU.ActiveCfg = Debug|Any CPU
		{92602D86-CF74-45BF-AE6D-F372F27881EA}.Debug|Any CPU.Build.0 = Debug|Any CPU
		{92602D86-CF74-45BF-AE6D-F372F27881EA}.Debug|x64.ActiveCfg = Debug|Any CPU
		{92602D86-CF74-45BF-AE6D-F372F27881EA}.Debug|x64.Build.0 = Debug|Any CPU
		{92602D86-CF74-45BF-AE6D-F372F27881EA}.Debug|x86.ActiveCfg = Debug|Any CPU
		{92602D86-CF74-45BF-AE6D-F372F27881EA}.Debug|x86.Build.0 = Debug|Any CPU
		{92602D86-CF74-45BF-AE6D-F372F27881EA}.Release|Any CPU.ActiveCfg = Release|Any CPU
		{92602D86-CF74-45BF-AE6D-F372F27881EA}.Release|Any CPU.Build.0 = Release|Any CPU
		{92602D86-CF74-45BF-AE6D-F372F27881EA}.Release|x64.ActiveCfg = Release|Any CPU
		{92602D86-CF74-45BF-AE6D-F372F27881EA}.Release|x64.Build.0 = Release|Any CPU
		{92602D86-CF74-45BF-AE6D-F372F27881EA}.Release|x86.ActiveCfg = Release|Any CPU
		{92602D86-CF74-45BF-AE6D-F372F27881EA}.Release|x86.Build.0 = Release|Any CPU
		{E89E5E28-2E49-43CA-99BD-1EBAB1465E97}.Debug|Any CPU.ActiveCfg = Debug|Any CPU
		{E89E5E28-2E49-43CA-99BD-1EBAB1465E97}.Debug|Any CPU.Build.0 = Debug|Any CPU
		{E89E5E28-2E49-43CA-99BD-1EBAB1465E97}.Debug|x64.ActiveCfg = Debug|Any CPU
		{E89E5E28-2E49-43CA-99BD-1EBAB1465E97}.Debug|x64.Build.0 = Debug|Any CPU
		{E89E5E28-2E49-43CA-99BD-1EBAB1465E97}.Debug|x86.ActiveCfg = Debug|Any CPU
		{E89E5E28-2E49-43CA-99BD-1EBAB1465E97}.Debug|x86.Build.0 = Debug|Any CPU
		{E89E5E28-2E49-43CA-99BD-1EBAB1465E97}.Release|Any CPU.ActiveCfg = Release|Any CPU
		{E89E5E28-2E49-43CA-99BD-1EBAB1465E97}.Release|Any CPU.Build.0 = Release|Any CPU
		{E89E5E28-2E49-43CA-99BD-1EBAB1465E97}.Release|x64.ActiveCfg = Release|Any CPU
		{E89E5E28-2E49-43CA-99BD-1EBAB1465E97}.Release|x64.Build.0 = Release|Any CPU
		{E89E5E28-2E49-43CA-99BD-1EBAB1465E97}.Release|x86.ActiveCfg = Release|Any CPU
		{E89E5E28-2E49-43CA-99BD-1EBAB1465E97}.Release|x86.Build.0 = Release|Any CPU
		{ADFAE8BF-9BE8-4884-9693-BA5598DEB88C}.Debug|Any CPU.ActiveCfg = Debug|Any CPU
		{ADFAE8BF-9BE8-4884-9693-BA5598DEB88C}.Debug|Any CPU.Build.0 = Debug|Any CPU
		{ADFAE8BF-9BE8-4884-9693-BA5598DEB88C}.Debug|x64.ActiveCfg = Debug|Any CPU
		{ADFAE8BF-9BE8-4884-9693-BA5598DEB88C}.Debug|x64.Build.0 = Debug|Any CPU
		{ADFAE8BF-9BE8-4884-9693-BA5598DEB88C}.Debug|x86.ActiveCfg = Debug|Any CPU
		{ADFAE8BF-9BE8-4884-9693-BA5598DEB88C}.Debug|x86.Build.0 = Debug|Any CPU
		{ADFAE8BF-9BE8-4884-9693-BA5598DEB88C}.Release|Any CPU.ActiveCfg = Release|Any CPU
		{ADFAE8BF-9BE8-4884-9693-BA5598DEB88C}.Release|Any CPU.Build.0 = Release|Any CPU
		{ADFAE8BF-9BE8-4884-9693-BA5598DEB88C}.Release|x64.ActiveCfg = Release|Any CPU
		{ADFAE8BF-9BE8-4884-9693-BA5598DEB88C}.Release|x64.Build.0 = Release|Any CPU
		{ADFAE8BF-9BE8-4884-9693-BA5598DEB88C}.Release|x86.ActiveCfg = Release|Any CPU
		{ADFAE8BF-9BE8-4884-9693-BA5598DEB88C}.Release|x86.Build.0 = Release|Any CPU
	EndGlobalSection
	GlobalSection(SolutionProperties) = preSolution
		HideSolutionNode = FALSE
	EndGlobalSection
	GlobalSection(NestedProjects) = preSolution
		{A6E7295D-475B-8BD4-CC01-ECAE8C18C7D4} = {827E0CD3-B72D-47B6-A68D-7590B98EB39B}
		{749034F2-12AE-C2B0-A963-0B26A32D48CB} = {A6E7295D-475B-8BD4-CC01-ECAE8C18C7D4}
		{5A828C4A-9F37-44AC-AAFC-50C30A68A7F1} = {749034F2-12AE-C2B0-A963-0B26A32D48CB}
		{15AA3209-9112-C4D9-B9F2-3D5A9C6AF55A} = {A6E7295D-475B-8BD4-CC01-ECAE8C18C7D4}
		{14B45EBB-4BB6-4C60-895B-179134D09163} = {15AA3209-9112-C4D9-B9F2-3D5A9C6AF55A}
		{5D084BF0-3B40-050D-52CD-610B5BAD7282} = {827E0CD3-B72D-47B6-A68D-7590B98EB39B}
		{7675F84C-83A2-DED2-10D7-92AF5701B2D5} = {5D084BF0-3B40-050D-52CD-610B5BAD7282}
		{A4315594-BFE6-4A36-B552-4219E0FCFA1C} = {7675F84C-83A2-DED2-10D7-92AF5701B2D5}
		{80CCC724-18C9-4914-58F3-704A5B154276} = {5D084BF0-3B40-050D-52CD-610B5BAD7282}
		{AF52E905-CBDA-49F0-9003-8DF14EB60AA1} = {80CCC724-18C9-4914-58F3-704A5B154276}
		{4158EF5F-2C93-D6F3-98CF-1EDBE6F18EA0} = {827E0CD3-B72D-47B6-A68D-7590B98EB39B}
		{532FBB8A-161D-C019-B0CF-1C9FB545AD49} = {4158EF5F-2C93-D6F3-98CF-1EDBE6F18EA0}
		{2D90AA83-61FB-192A-5621-86700C8B8C0D} = {532FBB8A-161D-C019-B0CF-1C9FB545AD49}
		{0667B807-53FF-4216-8C97-F49715AC06C1} = {2D90AA83-61FB-192A-5621-86700C8B8C0D}
		{0A937B59-3BF2-12E6-49E0-E38B37BEE96B} = {532FBB8A-161D-C019-B0CF-1C9FB545AD49}
		{68980958-5730-45BB-932C-B61720DB6C8A} = {0A937B59-3BF2-12E6-49E0-E38B37BEE96B}
		{465CF5E2-8246-C54E-347C-CD52D35F7047} = {4158EF5F-2C93-D6F3-98CF-1EDBE6F18EA0}
		{DF25073F-2626-2A03-74C2-9A1190E1B8C7} = {465CF5E2-8246-C54E-347C-CD52D35F7047}
		{9B13254D-B07F-4975-8B4A-22CFA6390ACD} = {DF25073F-2626-2A03-74C2-9A1190E1B8C7}
		{0FFDBEC2-2088-A3F4-BFD7-39F018886CB8} = {465CF5E2-8246-C54E-347C-CD52D35F7047}
		{C1DDB579-0F92-43E1-BD8E-FEE63BAC3EF7} = {0FFDBEC2-2088-A3F4-BFD7-39F018886CB8}
		{4FE98BFE-3815-7E22-AFEA-1FC695611F43} = {809F86A1-1C4C-B159-0CD4-DF9D33D876CE}
		{3864CADB-ED71-4B66-196B-4B86028A66BA} = {4FE98BFE-3815-7E22-AFEA-1FC695611F43}
		{D5DB87A5-2005-4525-A5D0-9188129D04D5} = {3864CADB-ED71-4B66-196B-4B86028A66BA}
		{44725E1E-A5AF-9ECD-5E38-18AF7B4E6534} = {4FE98BFE-3815-7E22-AFEA-1FC695611F43}
		{92602D86-CF74-45BF-AE6D-F372F27881EA} = {44725E1E-A5AF-9ECD-5E38-18AF7B4E6534}
		{1DF53C73-5EBE-5A1B-68DF-54984D8D9141} = {5D20AA90-6969-D8BD-9DCD-8634F4692FDA}
		{E89E5E28-2E49-43CA-99BD-1EBAB1465E97} = {1DF53C73-5EBE-5A1B-68DF-54984D8D9141}
		{ADFAE8BF-9BE8-4884-9693-BA5598DEB88C} = {0AB3BF05-4346-4AA6-1389-037BE0695223}
	EndGlobalSection
EndGlobal
